
Microsoft Visual Studio Solution File, Format Version 12.00
# Visual Studio 2013
VisualStudioVersion = 12.0.31101.0
MinimumVisualStudioVersion = 10.0.40219.1
Project("{FAE04EC0-301F-11D3-BF4B-00C04F79EFBC}") = "DataGridSample", "DataGridSample\DataGridSample\DataGridSample.csproj", "{7963EF1E-7049-4C31-915B-C2EB983E15EB}"
EndProject
Project("{FAE04EC0-301F-11D3-BF4B-00C04F79EFBC}") = "DataGridSample.iOS", "DataGridSample\DataGridSample.iOS\DataGridSample.iOS.csproj", "{46190406-2F19-44AE-950E-5AB81C291F29}"
EndProject
Project("{FAE04EC0-301F-11D3-BF4B-00C04F79EFBC}") = "DataGridSample.Droid", "DataGridSample\DataGridSample.Droid\DataGridSample.Droid.csproj", "{EF619214-C270-4889-90E1-1EC3F17C70B8}"
EndProject
Project("{FAE04EC0-301F-11D3-BF4B-00C04F79EFBC}") = "Kowalski.DataGrid", "Kowalski.DataGrid\Kowalski.DataGrid.csproj", "{67F9D3A8-F71E-4428-913F-C37AE82CDB24}"
EndProject
Global
	GlobalSection(SolutionConfigurationPlatforms) = preSolution
		Ad-Hoc|Any CPU = Ad-Hoc|Any CPU
		Ad-Hoc|iPhone = Ad-Hoc|iPhone
		Ad-Hoc|iPhoneSimulator = Ad-Hoc|iPhoneSimulator
		Ad-Hoc|Mixed Platforms = Ad-Hoc|Mixed Platforms
		AppStore|Any CPU = AppStore|Any CPU
		AppStore|iPhone = AppStore|iPhone
		AppStore|iPhoneSimulator = AppStore|iPhoneSimulator
		AppStore|Mixed Platforms = AppStore|Mixed Platforms
		Debug|Any CPU = Debug|Any CPU
		Debug|iPhone = Debug|iPhone
		Debug|iPhoneSimulator = Debug|iPhoneSimulator
		Debug|Mixed Platforms = Debug|Mixed Platforms
		Release|Any CPU = Release|Any CPU
		Release|iPhone = Release|iPhone
		Release|iPhoneSimulator = Release|iPhoneSimulator
		Release|Mixed Platforms = Release|Mixed Platforms
	EndGlobalSection
	GlobalSection(ProjectConfigurationPlatforms) = postSolution
		{7963EF1E-7049-4C31-915B-C2EB983E15EB}.Ad-Hoc|Any CPU.ActiveCfg = Release|Any CPU
		{7963EF1E-7049-4C31-915B-C2EB983E15EB}.Ad-Hoc|Any CPU.Build.0 = Release|Any CPU
		{7963EF1E-7049-4C31-915B-C2EB983E15EB}.Ad-Hoc|iPhone.ActiveCfg = Release|Any CPU
		{7963EF1E-7049-4C31-915B-C2EB983E15EB}.Ad-Hoc|iPhoneSimulator.ActiveCfg = Release|Any CPU
		{7963EF1E-7049-4C31-915B-C2EB983E15EB}.Ad-Hoc|Mixed Platforms.ActiveCfg = Release|Any CPU
		{7963EF1E-7049-4C31-915B-C2EB983E15EB}.Ad-Hoc|Mixed Platforms.Build.0 = Release|Any CPU
		{7963EF1E-7049-4C31-915B-C2EB983E15EB}.AppStore|Any CPU.ActiveCfg = Release|Any CPU
		{7963EF1E-7049-4C31-915B-C2EB983E15EB}.AppStore|Any CPU.Build.0 = Release|Any CPU
		{7963EF1E-7049-4C31-915B-C2EB983E15EB}.AppStore|iPhone.ActiveCfg = Release|Any CPU
		{7963EF1E-7049-4C31-915B-C2EB983E15EB}.AppStore|iPhoneSimulator.ActiveCfg = Release|Any CPU
		{7963EF1E-7049-4C31-915B-C2EB983E15EB}.AppStore|Mixed Platforms.ActiveCfg = Release|Any CPU
		{7963EF1E-7049-4C31-915B-C2EB983E15EB}.AppStore|Mixed Platforms.Build.0 = Release|Any CPU
		{7963EF1E-7049-4C31-915B-C2EB983E15EB}.Debug|Any CPU.ActiveCfg = Debug|Any CPU
		{7963EF1E-7049-4C31-915B-C2EB983E15EB}.Debug|Any CPU.Build.0 = Debug|Any CPU
		{7963EF1E-7049-4C31-915B-C2EB983E15EB}.Debug|iPhone.ActiveCfg = Debug|Any CPU
		{7963EF1E-7049-4C31-915B-C2EB983E15EB}.Debug|iPhoneSimulator.ActiveCfg = Debug|Any CPU
		{7963EF1E-7049-4C31-915B-C2EB983E15EB}.Debug|iPhoneSimulator.Build.0 = Debug|Any CPU
		{7963EF1E-7049-4C31-915B-C2EB983E15EB}.Debug|Mixed Platforms.ActiveCfg = Debug|Any CPU
		{7963EF1E-7049-4C31-915B-C2EB983E15EB}.Debug|Mixed Platforms.Build.0 = Debug|Any CPU
		{7963EF1E-7049-4C31-915B-C2EB983E15EB}.Release|Any CPU.ActiveCfg = Release|Any CPU
		{7963EF1E-7049-4C31-915B-C2EB983E15EB}.Release|Any CPU.Build.0 = Release|Any CPU
		{7963EF1E-7049-4C31-915B-C2EB983E15EB}.Release|iPhone.ActiveCfg = Release|Any CPU
		{7963EF1E-7049-4C31-915B-C2EB983E15EB}.Release|iPhoneSimulator.ActiveCfg = Release|Any CPU
		{7963EF1E-7049-4C31-915B-C2EB983E15EB}.Release|Mixed Platforms.ActiveCfg = Release|Any CPU
		{7963EF1E-7049-4C31-915B-C2EB983E15EB}.Release|Mixed Platforms.Build.0 = Release|Any CPU
		{46190406-2F19-44AE-950E-5AB81C291F29}.Ad-Hoc|Any CPU.ActiveCfg = Ad-Hoc|iPhone
		{46190406-2F19-44AE-950E-5AB81C291F29}.Ad-Hoc|iPhone.ActiveCfg = Ad-Hoc|iPhone
		{46190406-2F19-44AE-950E-5AB81C291F29}.Ad-Hoc|iPhone.Build.0 = Ad-Hoc|iPhone
		{46190406-2F19-44AE-950E-5AB81C291F29}.Ad-Hoc|iPhoneSimulator.ActiveCfg = Ad-Hoc|iPhoneSimulator
		{46190406-2F19-44AE-950E-5AB81C291F29}.Ad-Hoc|iPhoneSimulator.Build.0 = Ad-Hoc|iPhoneSimulator
		{46190406-2F19-44AE-950E-5AB81C291F29}.Ad-Hoc|Mixed Platforms.ActiveCfg = Ad-Hoc|iPhone
		{46190406-2F19-44AE-950E-5AB81C291F29}.Ad-Hoc|Mixed Platforms.Build.0 = Ad-Hoc|iPhone
		{46190406-2F19-44AE-950E-5AB81C291F29}.AppStore|Any CPU.ActiveCfg = AppStore|iPhone
		{46190406-2F19-44AE-950E-5AB81C291F29}.AppStore|iPhone.ActiveCfg = AppStore|iPhone
		{46190406-2F19-44AE-950E-5AB81C291F29}.AppStore|iPhone.Build.0 = AppStore|iPhone
		{46190406-2F19-44AE-950E-5AB81C291F29}.AppStore|iPhoneSimulator.ActiveCfg = AppStore|iPhoneSimulator
		{46190406-2F19-44AE-950E-5AB81C291F29}.AppStore|iPhoneSimulator.Build.0 = AppStore|iPhoneSimulator
		{46190406-2F19-44AE-950E-5AB81C291F29}.AppStore|Mixed Platforms.ActiveCfg = AppStore|iPhone
		{46190406-2F19-44AE-950E-5AB81C291F29}.AppStore|Mixed Platforms.Build.0 = AppStore|iPhone
		{46190406-2F19-44AE-950E-5AB81C291F29}.Debug|Any CPU.ActiveCfg = Debug|iPhone
		{46190406-2F19-44AE-950E-5AB81C291F29}.Debug|iPhone.ActiveCfg = Debug|iPhone
		{46190406-2F19-44AE-950E-5AB81C291F29}.Debug|iPhone.Build.0 = Debug|iPhone
		{46190406-2F19-44AE-950E-5AB81C291F29}.Debug|iPhoneSimulator.ActiveCfg = Debug|iPhoneSimulator
		{46190406-2F19-44AE-950E-5AB81C291F29}.Debug|iPhoneSimulator.Build.0 = Debug|iPhoneSimulator
		{46190406-2F19-44AE-950E-5AB81C291F29}.Debug|Mixed Platforms.ActiveCfg = Debug|iPhone
		{46190406-2F19-44AE-950E-5AB81C291F29}.Debug|Mixed Platforms.Build.0 = Debug|iPhone
		{46190406-2F19-44AE-950E-5AB81C291F29}.Release|Any CPU.ActiveCfg = Release|iPhone
		{46190406-2F19-44AE-950E-5AB81C291F29}.Release|iPhone.ActiveCfg = Release|iPhone
		{46190406-2F19-44AE-950E-5AB81C291F29}.Release|iPhone.Build.0 = Release|iPhone
		{46190406-2F19-44AE-950E-5AB81C291F29}.Release|iPhoneSimulator.ActiveCfg = Release|iPhoneSimulator
		{46190406-2F19-44AE-950E-5AB81C291F29}.Release|iPhoneSimulator.Build.0 = Release|iPhoneSimulator
		{46190406-2F19-44AE-950E-5AB81C291F29}.Release|Mixed Platforms.ActiveCfg = Release|iPhone
		{46190406-2F19-44AE-950E-5AB81C291F29}.Release|Mixed Platforms.Build.0 = Release|iPhone
		{EF619214-C270-4889-90E1-1EC3F17C70B8}.Ad-Hoc|Any CPU.ActiveCfg = Release|Any CPU
		{EF619214-C270-4889-90E1-1EC3F17C70B8}.Ad-Hoc|Any CPU.Build.0 = Release|Any CPU
		{EF619214-C270-4889-90E1-1EC3F17C70B8}.Ad-Hoc|Any CPU.Deploy.0 = Release|Any CPU
		{EF619214-C270-4889-90E1-1EC3F17C70B8}.Ad-Hoc|iPhone.ActiveCfg = Release|Any CPU
		{EF619214-C270-4889-90E1-1EC3F17C70B8}.Ad-Hoc|iPhoneSimulator.ActiveCfg = Release|Any CPU
		{EF619214-C270-4889-90E1-1EC3F17C70B8}.Ad-Hoc|Mixed Platforms.ActiveCfg = Release|Any CPU
		{EF619214-C270-4889-90E1-1EC3F17C70B8}.Ad-Hoc|Mixed Platforms.Build.0 = Release|Any CPU
		{EF619214-C270-4889-90E1-1EC3F17C70B8}.Ad-Hoc|Mixed Platforms.Deploy.0 = Release|Any CPU
		{EF619214-C270-4889-90E1-1EC3F17C70B8}.AppStore|Any CPU.ActiveCfg = Release|Any CPU
		{EF619214-C270-4889-90E1-1EC3F17C70B8}.AppStore|Any CPU.Build.0 = Release|Any CPU
		{EF619214-C270-4889-90E1-1EC3F17C70B8}.AppStore|Any CPU.Deploy.0 = Release|Any CPU
		{EF619214-C270-4889-90E1-1EC3F17C70B8}.AppStore|iPhone.ActiveCfg = Release|Any CPU
		{EF619214-C270-4889-90E1-1EC3F17C70B8}.AppStore|iPhoneSimulator.ActiveCfg = Release|Any CPU
		{EF619214-C270-4889-90E1-1EC3F17C70B8}.AppStore|Mixed Platforms.ActiveCfg = Release|Any CPU
		{EF619214-C270-4889-90E1-1EC3F17C70B8}.AppStore|Mixed Platforms.Build.0 = Release|Any CPU
		{EF619214-C270-4889-90E1-1EC3F17C70B8}.AppStore|Mixed Platforms.Deploy.0 = Release|Any CPU
		{EF619214-C270-4889-90E1-1EC3F17C70B8}.Debug|Any CPU.ActiveCfg = Debug|Any CPU
		{EF619214-C270-4889-90E1-1EC3F17C70B8}.Debug|Any CPU.Build.0 = Debug|Any CPU
		{EF619214-C270-4889-90E1-1EC3F17C70B8}.Debug|Any CPU.Deploy.0 = Debug|Any CPU
		{EF619214-C270-4889-90E1-1EC3F17C70B8}.Debug|iPhone.ActiveCfg = Debug|Any CPU
		{EF619214-C270-4889-90E1-1EC3F17C70B8}.Debug|iPhoneSimulator.ActiveCfg = Debug|Any CPU
		{EF619214-C270-4889-90E1-1EC3F17C70B8}.Debug|Mixed Platforms.ActiveCfg = Debug|Any CPU
		{EF619214-C270-4889-90E1-1EC3F17C70B8}.Debug|Mixed Platforms.Build.0 = Debug|Any CPU
		{EF619214-C270-4889-90E1-1EC3F17C70B8}.Debug|Mixed Platforms.Deploy.0 = Debug|Any CPU
		{EF619214-C270-4889-90E1-1EC3F17C70B8}.Release|Any CPU.ActiveCfg = Release|Any CPU
		{EF619214-C270-4889-90E1-1EC3F17C70B8}.Release|Any CPU.Build.0 = Release|Any CPU
		{EF619214-C270-4889-90E1-1EC3F17C70B8}.Release|Any CPU.Deploy.0 = Release|Any CPU
		{EF619214-C270-4889-90E1-1EC3F17C70B8}.Release|iPhone.ActiveCfg = Release|Any CPU
		{EF619214-C270-4889-90E1-1EC3F17C70B8}.Release|iPhoneSimulator.ActiveCfg = Release|Any CPU
		{EF619214-C270-4889-90E1-1EC3F17C70B8}.Release|Mixed Platforms.ActiveCfg = Release|Any CPU
		{EF619214-C270-4889-90E1-1EC3F17C70B8}.Release|Mixed Platforms.Build.0 = Release|Any CPU
		{EF619214-C270-4889-90E1-1EC3F17C70B8}.Release|Mixed Platforms.Deploy.0 = Release|Any CPU
		{67F9D3A8-F71E-4428-913F-C37AE82CDB24}.Ad-Hoc|Any CPU.ActiveCfg = Release|Any CPU
		{67F9D3A8-F71E-4428-913F-C37AE82CDB24}.Ad-Hoc|Any CPU.Build.0 = Release|Any CPU
		{67F9D3A8-F71E-4428-913F-C37AE82CDB24}.Ad-Hoc|iPhone.ActiveCfg = Release|Any CPU
		{67F9D3A8-F71E-4428-913F-C37AE82CDB24}.Ad-Hoc|iPhoneSimulator.ActiveCfg = Release|Any CPU
		{67F9D3A8-F71E-4428-913F-C37AE82CDB24}.Ad-Hoc|Mixed Platforms.ActiveCfg = Release|Any CPU
		{67F9D3A8-F71E-4428-913F-C37AE82CDB24}.Ad-Hoc|Mixed Platforms.Build.0 = Release|Any CPU
		{67F9D3A8-F71E-4428-913F-C37AE82CDB24}.AppStore|Any CPU.ActiveCfg = Release|Any CPU
		{67F9D3A8-F71E-4428-913F-C37AE82CDB24}.AppStore|Any CPU.Build.0 = Release|Any CPU
		{67F9D3A8-F71E-4428-913F-C37AE82CDB24}.AppStore|iPhone.ActiveCfg = Release|Any CPU
		{67F9D3A8-F71E-4428-913F-C37AE82CDB24}.AppStore|iPhoneSimulator.ActiveCfg = Release|Any CPU
		{67F9D3A8-F71E-4428-913F-C37AE82CDB24}.AppStore|Mixed Platforms.ActiveCfg = Release|Any CPU
		{67F9D3A8-F71E-4428-913F-C37AE82CDB24}.AppStore|Mixed Platforms.Build.0 = Release|Any CPU
		{67F9D3A8-F71E-4428-913F-C37AE82CDB24}.Debug|Any CPU.ActiveCfg = Debug|Any CPU
		{67F9D3A8-F71E-4428-913F-C37AE82CDB24}.Debug|Any CPU.Build.0 = Debug|Any CPU
		{67F9D3A8-F71E-4428-913F-C37AE82CDB24}.Debug|Any CPU.Deploy.0 = Debug|Any CPU
		{67F9D3A8-F71E-4428-913F-C37AE82CDB24}.Debug|iPhone.ActiveCfg = Debug|Any CPU
		{67F9D3A8-F71E-4428-913F-C37AE82CDB24}.Debug|iPhoneSimulator.ActiveCfg = Debug|Any CPU
		{67F9D3A8-F71E-4428-913F-C37AE82CDB24}.Debug|iPhoneSimulator.Build.0 = Debug|Any CPU
		{67F9D3A8-F71E-4428-913F-C37AE82CDB24}.Debug|Mixed Platforms.ActiveCfg = Debug|Any CPU
		{67F9D3A8-F71E-4428-913F-C37AE82CDB24}.Debug|Mixed Platforms.Build.0 = Debug|Any CPU
		{67F9D3A8-F71E-4428-913F-C37AE82CDB24}.Release|Any CPU.ActiveCfg = Release|Any CPU
		{67F9D3A8-F71E-4428-913F-C37AE82CDB24}.Release|Any CPU.Build.0 = Release|Any CPU
		{67F9D3A8-F71E-4428-913F-C37AE82CDB24}.Release|iPhone.ActiveCfg = Release|Any CPU
		{67F9D3A8-F71E-4428-913F-C37AE82CDB24}.Release|iPhoneSimulator.ActiveCfg = Release|Any CPU
		{67F9D3A8-F71E-4428-913F-C37AE82CDB24}.Release|Mixed Platforms.ActiveCfg = Release|Any CPU
		{67F9D3A8-F71E-4428-913F-C37AE82CDB24}.Release|Mixed Platforms.Build.0 = Release|Any CPU
	EndGlobalSection
	GlobalSection(SolutionProperties) = preSolution
		HideSolutionNode = FALSE
	EndGlobalSection
EndGlobal
